{
  "name": "yoglow",
  "version": "1.0.0",
  "lockfileVersion": 3,
  "requires": true,
  "packages": {
    "": {
      "name": "yoglow",
      "version": "1.0.0",
      "license": "ISC",
      "dependencies": {
        "@lottiefiles/dotlottie-web": "^0.56.0",
        "lottie-web": "^5.13.0"
      }
    },
    "node_modules/@lottiefiles/dotlottie-web": {
      "version": "0.56.0",
      "resolved": "https://registry.npmjs.org/@lottiefiles/dotlottie-web/-/dotlottie-web-0.56.0.tgz",
      "integrity": "sha512-bWHRIGzjZs3Hjkz0JRsCMX2ya9a1tGU4atdrlfM3UoN0iamsDE64kSCMfGuchCwGAxg0xEh84CkF+SVV1NU9ow=="
    },
    "node_modules/lottie-web": {
      "version": "5.13.0",
      "resolved": "https://registry.npmjs.org/lottie-web/-/lottie-web-5.13.0.tgz",
      "integrity": "sha512-+gfBXl6sxXMPe8tKQm7qzLnUy5DUPJPKIyRHwtpCpyUEYjHYRJC/5gjUvdkuO2c3JllrPtHXH5UJJK8LRYl5yQ=="
    }
  }
}
